
Microsoft Visual Studio Solution File, Format Version 12.00
# Visual Studio Version 16
VisualStudioVersion = 16.0.31129.286
MinimumVisualStudioVersion = 10.0.40219.1
Project("{FAE04EC0-301F-11D3-BF4B-00C04F79EFBC}") = "RabbitMQConsumer", "RabbitMQConsumer\RabbitMQConsumer.csproj", "{2F3B4536-5E1E-4034-A419-3B9FDF8778DF}"
EndProject
Global
	GlobalSection(SolutionConfigurationPlatforms) = preSolution
		Debug|Any CPU = Debug|Any CPU
		Release|Any CPU = Release|Any CPU
	EndGlobalSection
	GlobalSection(ProjectConfigurationPlatforms) = postSolution
		{2F3B4536-5E1E-4034-A419-3B9FDF8778DF}.Debug|Any CPU.ActiveCfg = Debug|Any CPU
		{2F3B4536-5E1E-4034-A419-3B9FDF8778DF}.Debug|Any CPU.Build.0 = Debug|Any CPU
		{2F3B4536-5E1E-4034-A419-3B9FDF8778DF}.Release|Any CPU.ActiveCfg = Release|Any CPU
		{2F3B4536-5E1E-4034-A419-3B9FDF8778DF}.Release|Any CPU.Build.0 = Release|Any CPU
	EndGlobalSection
	GlobalSection(SolutionProperties) = preSolution
		HideSolutionNode = FALSE
	EndGlobalSection
	GlobalSection(ExtensibilityGlobals) = postSolution
		SolutionGuid = {64A5A725-894E-42AC-BBEE-A60E07391183}
	EndGlobalSection
EndGlobal
